
Microsoft Visual Studio Solution File, Format Version 11.00
# Visual Studio 2010
Project("{FAE04EC0-301F-11D3-BF4B-00C04F79EFBC}") = "Assembly-CSharp", "Assembly-CSharp.csproj", "{5A6D43DF-BB4D-7F70-0E0E-60A51CDD53B4}"
EndProject
Project("{FAE04EC0-301F-11D3-BF4B-00C04F79EFBC}") = "Assembly-CSharp-firstpass", "Assembly-CSharp-firstpass.csproj", "{8B413624-7F0F-6637-882B-E74363EF6DB0}"
EndProject
Project("{FAE04EC0-301F-11D3-BF4B-00C04F79EFBC}") = "Assembly-CSharp-Editor-firstpass", "Assembly-CSharp-Editor-firstpass.csproj", "{B9D37378-20C0-4E6E-4959-B4F4D5BAED0D}"
EndProject
Global
	GlobalSection(SolutionConfigurationPlatforms) = preSolution
		Debug|Any CPU = Debug|Any CPU
		Release|Any CPU = Release|Any CPU
	EndGlobalSection
	GlobalSection(ProjectConfigurationPlatforms) = postSolution
		{5A6D43DF-BB4D-7F70-0E0E-60A51CDD53B4}.Debug|Any CPU.ActiveCfg = Debug|Any CPU
		{5A6D43DF-BB4D-7F70-0E0E-60A51CDD53B4}.Debug|Any CPU.Build.0 = Debug|Any CPU
		{5A6D43DF-BB4D-7F70-0E0E-60A51CDD53B4}.Release|Any CPU.ActiveCfg = Release|Any CPU
		{5A6D43DF-BB4D-7F70-0E0E-60A51CDD53B4}.Release|Any CPU.Build.0 = Release|Any CPU
		{8B413624-7F0F-6637-882B-E74363EF6DB0}.Debug|Any CPU.ActiveCfg = Debug|Any CPU
		{8B413624-7F0F-6637-882B-E74363EF6DB0}.Debug|Any CPU.Build.0 = Debug|Any CPU
		{8B413624-7F0F-6637-882B-E74363EF6DB0}.Release|Any CPU.ActiveCfg = Release|Any CPU
		{8B413624-7F0F-6637-882B-E74363EF6DB0}.Release|Any CPU.Build.0 = Release|Any CPU
		{B9D37378-20C0-4E6E-4959-B4F4D5BAED0D}.Debug|Any CPU.ActiveCfg = Debug|Any CPU
		{B9D37378-20C0-4E6E-4959-B4F4D5BAED0D}.Debug|Any CPU.Build.0 = Debug|Any CPU
		{B9D37378-20C0-4E6E-4959-B4F4D5BAED0D}.Release|Any CPU.ActiveCfg = Release|Any CPU
		{B9D37378-20C0-4E6E-4959-B4F4D5BAED0D}.Release|Any CPU.Build.0 = Release|Any CPU
	EndGlobalSection
	GlobalSection(SolutionProperties) = preSolution
		HideSolutionNode = FALSE
	EndGlobalSection
	GlobalSection(MonoDevelopProperties) = preSolution
		StartupItem = Assembly-CSharp.csproj
	EndGlobalSection
EndGlobal
